
Microsoft Visual Studio Solution File, Format Version 12.00
# Visual Studio Version 17
VisualStudioVersion = 17.9.34701.34
MinimumVisualStudioVersion = 10.0.40219.1
Project("{FAE04EC0-301F-11D3-BF4B-00C04F79EFBC}") = "SD_FlowerShop_Server", "SD_FlowerShop_Server\SD_FlowerShop_Server.csproj", "{F3E00014-400F-4F34-BA35-42FE64BA6F57}"
EndProject
Global
	GlobalSection(SolutionConfigurationPlatforms) = preSolution
		Debug|Any CPU = Debug|Any CPU
		Release|Any CPU = Release|Any CPU
	EndGlobalSection
	GlobalSection(ProjectConfigurationPlatforms) = postSolution
		{F3E00014-400F-4F34-BA35-42FE64BA6F57}.Debug|Any CPU.ActiveCfg = Debug|Any CPU
		{F3E00014-400F-4F34-BA35-42FE64BA6F57}.Debug|Any CPU.Build.0 = Debug|Any CPU
		{F3E00014-400F-4F34-BA35-42FE64BA6F57}.Release|Any CPU.ActiveCfg = Release|Any CPU
		{F3E00014-400F-4F34-BA35-42FE64BA6F57}.Release|Any CPU.Build.0 = Release|Any CPU
	EndGlobalSection
	GlobalSection(SolutionProperties) = preSolution
		HideSolutionNode = FALSE
	EndGlobalSection
	GlobalSection(ExtensibilityGlobals) = postSolution
		SolutionGuid = {C116AEF8-1F21-4FCC-8B7E-5798A8736621}
	EndGlobalSection
EndGlobal
