
Microsoft Visual Studio Solution File, Format Version 12.00
# Visual Studio Version 17
VisualStudioVersion = 17.9.34701.34
MinimumVisualStudioVersion = 10.0.40219.1
Project("{FAE04EC0-301F-11D3-BF4B-00C04F79EFBC}") = "SD_FlowerShop_Client", "SD_FlowerShop_Client\SD_FlowerShop_Client.csproj", "{113BE857-5B38-410E-9B4C-198827156087}"
EndProject
Global
	GlobalSection(SolutionConfigurationPlatforms) = preSolution
		Debug|Any CPU = Debug|Any CPU
		Release|Any CPU = Release|Any CPU
	EndGlobalSection
	GlobalSection(ProjectConfigurationPlatforms) = postSolution
		{113BE857-5B38-410E-9B4C-198827156087}.Debug|Any CPU.ActiveCfg = Debug|Any CPU
		{113BE857-5B38-410E-9B4C-198827156087}.Debug|Any CPU.Build.0 = Debug|Any CPU
		{113BE857-5B38-410E-9B4C-198827156087}.Release|Any CPU.ActiveCfg = Release|Any CPU
		{113BE857-5B38-410E-9B4C-198827156087}.Release|Any CPU.Build.0 = Release|Any CPU
	EndGlobalSection
	GlobalSection(SolutionProperties) = preSolution
		HideSolutionNode = FALSE
	EndGlobalSection
	GlobalSection(ExtensibilityGlobals) = postSolution
		SolutionGuid = {EC3AD96F-D5C1-4583-9A77-F6DCC9B2A58B}
	EndGlobalSection
EndGlobal
